// !$*UTF8*$!
{
	archiveVersion = 1;
	classes = {
	};
	objectVersion = 45;
	objects = {

/* Begin PBXBuildFile section */
		8DD76F650486A84900D96B5E /* main.cpp in Sources */ = {isa = PBXBuildFile; fileRef = 08FB7796FE84155DC02AAC07 /* main.cpp */; settings = {ATTRIBUTES = (); }; };
		AFAEA8D414F848FB00C61FCE /* Item.cpp in Sources */ = {isa = PBXBuildFile; fileRef = AFAEA8D314F848FB00C61FCE /* Item.cpp */; };
		AFAEA93514F871BC00C61FCE /* GameEntity.cpp in Sources */ = {isa = PBXBuildFile; fileRef = AFAEA93414F871BC00C61FCE /* GameEntity.cpp */; };
		AFAEA94414F873F300C61FCE /* Battle.cpp in Sources */ = {isa = PBXBuildFile; fileRef = AFAEA94314F873F300C61FCE /* Battle.cpp */; };
		AFAEA9C114F8809400C61FCE /* Container.cpp in Sources */ = {isa = PBXBuildFile; fileRef = AFAEA9C014F8809400C61FCE /* Container.cpp */; };
		AFB45E9014F2F16500455B93 /* Weapon.cpp in Sources */ = {isa = PBXBuildFile; fileRef = AFB45E8F14F2F16500455B93 /* Weapon.cpp */; };
		AFB45E9314F2F1B600455B93 /* Armor.cpp in Sources */ = {isa = PBXBuildFile; fileRef = AFB45E9214F2F1B600455B93 /* Armor.cpp */; };
		AFB45E9614F2F21100455B93 /* Player.cpp in Sources */ = {isa = PBXBuildFile; fileRef = AFB45E9514F2F21100455B93 /* Player.cpp */; };
		AFB45F0914F3030400455B93 /* Game.cpp in Sources */ = {isa = PBXBuildFile; fileRef = AFB45F0814F3030400455B93 /* Game.cpp */; };
/* End PBXBuildFile section */

/* Begin PBXCopyFilesBuildPhase section */
		8DD76F690486A84900D96B5E /* CopyFiles */ = {
			isa = PBXCopyFilesBuildPhase;
			buildActionMask = 8;
			dstPath = /usr/share/man/man1/;
			dstSubfolderSpec = 0;
			files = (
			);
			runOnlyForDeploymentPostprocessing = 1;
		};
/* End PBXCopyFilesBuildPhase section */

/* Begin PBXFileReference section */
		08FB7796FE84155DC02AAC07 /* main.cpp */ = {isa = PBXFileReference; fileEncoding = 4; lastKnownFileType = sourcecode.cpp.cpp; path = main.cpp; sourceTree = "<group>"; };
		8DD76F6C0486A84900D96B5E /* cplusplus */ = {isa = PBXFileReference; explicitFileType = "compiled.mach-o.executable"; includeInIndex = 0; path = cplusplus; sourceTree = BUILT_PRODUCTS_DIR; };
		AFAEA8D214F848FB00C61FCE /* Item.h */ = {isa = PBXFileReference; fileEncoding = 4; lastKnownFileType = sourcecode.c.h; path = Item.h; sourceTree = "<group>"; };
		AFAEA8D314F848FB00C61FCE /* Item.cpp */ = {isa = PBXFileReference; fileEncoding = 4; lastKnownFileType = sourcecode.cpp.cpp; path = Item.cpp; sourceTree = "<group>"; };
		AFAEA8DA14F84A1400C61FCE /* GLOBALS.h */ = {isa = PBXFileReference; fileEncoding = 4; lastKnownFileType = sourcecode.c.h; path = GLOBALS.h; sourceTree = "<group>"; };
		AFAEA93314F871BC00C61FCE /* GameEntity.h */ = {isa = PBXFileReference; fileEncoding = 4; lastKnownFileType = sourcecode.c.h; path = GameEntity.h; sourceTree = "<group>"; };
		AFAEA93414F871BC00C61FCE /* GameEntity.cpp */ = {isa = PBXFileReference; fileEncoding = 4; lastKnownFileType = sourcecode.cpp.cpp; path = GameEntity.cpp; sourceTree = "<group>"; };
		AFAEA94214F873F300C61FCE /* Battle.h */ = {isa = PBXFileReference; fileEncoding = 4; lastKnownFileType = sourcecode.c.h; path = Battle.h; sourceTree = "<group>"; };
		AFAEA94314F873F300C61FCE /* Battle.cpp */ = {isa = PBXFileReference; fileEncoding = 4; lastKnownFileType = sourcecode.cpp.cpp; path = Battle.cpp; sourceTree = "<group>"; };
		AFAEA9BF14F8809400C61FCE /* Container.h */ = {isa = PBXFileReference; fileEncoding = 4; lastKnownFileType = sourcecode.c.h; path = Container.h; sourceTree = "<group>"; };
		AFAEA9C014F8809400C61FCE /* Container.cpp */ = {isa = PBXFileReference; fileEncoding = 4; lastKnownFileType = sourcecode.cpp.cpp; path = Container.cpp; sourceTree = "<group>"; };
		AFB45E8E14F2F16500455B93 /* Weapon.h */ = {isa = PBXFileReference; fileEncoding = 4; lastKnownFileType = sourcecode.c.h; path = Weapon.h; sourceTree = "<group>"; };
		AFB45E8F14F2F16500455B93 /* Weapon.cpp */ = {isa = PBXFileReference; fileEncoding = 4; lastKnownFileType = sourcecode.cpp.cpp; path = Weapon.cpp; sourceTree = "<group>"; };
		AFB45E9114F2F1B600455B93 /* Armor.h */ = {isa = PBXFileReference; fileEncoding = 4; lastKnownFileType = sourcecode.c.h; path = Armor.h; sourceTree = "<group>"; };
		AFB45E9214F2F1B600455B93 /* Armor.cpp */ = {isa = PBXFileReference; fileEncoding = 4; lastKnownFileType = sourcecode.cpp.cpp; path = Armor.cpp; sourceTree = "<group>"; };
		AFB45E9414F2F21100455B93 /* Player.h */ = {isa = PBXFileReference; fileEncoding = 4; lastKnownFileType = sourcecode.c.h; path = Player.h; sourceTree = "<group>"; };
		AFB45E9514F2F21100455B93 /* Player.cpp */ = {isa = PBXFileReference; fileEncoding = 4; lastKnownFileType = sourcecode.cpp.cpp; path = Player.cpp; sourceTree = "<group>"; };
		AFB45F0714F3030400455B93 /* Game.h */ = {isa = PBXFileReference; fileEncoding = 4; lastKnownFileType = sourcecode.c.h; path = Game.h; sourceTree = "<group>"; };
		AFB45F0814F3030400455B93 /* Game.cpp */ = {isa = PBXFileReference; fileEncoding = 4; lastKnownFileType = sourcecode.cpp.cpp; path = Game.cpp; sourceTree = "<group>"; };
		C6859E8B029090EE04C91782 /* cplusplus.1 */ = {isa = PBXFileReference; lastKnownFileType = text.man; path = cplusplus.1; sourceTree = "<group>"; };
/* End PBXFileReference section */

/* Begin PBXFrameworksBuildPhase section */
		8DD76F660486A84900D96B5E /* Frameworks */ = {
			isa = PBXFrameworksBuildPhase;
			buildActionMask = 2147483647;
			files = (
			);
			runOnlyForDeploymentPostprocessing = 0;
		};
/* End PBXFrameworksBuildPhase section */

/* Begin PBXGroup section */
		08FB7794FE84155DC02AAC07 /* cplusplus */ = {
			isa = PBXGroup;
			children = (
				08FB7795FE84155DC02AAC07 /* Source */,
				C6859E8C029090F304C91782 /* Documentation */,
				1AB674ADFE9D54B511CA2CBB /* Products */,
			);
			name = cplusplus;
			sourceTree = "<group>";
		};
		08FB7795FE84155DC02AAC07 /* Source */ = {
			isa = PBXGroup;
			children = (
				AFAEA8DA14F84A1400C61FCE /* GLOBALS.h */,
				08FB7796FE84155DC02AAC07 /* main.cpp */,
				AFB45E8E14F2F16500455B93 /* Weapon.h */,
				AFB45E8F14F2F16500455B93 /* Weapon.cpp */,
				AFB45E9114F2F1B600455B93 /* Armor.h */,
				AFB45E9214F2F1B600455B93 /* Armor.cpp */,
				AFB45E9414F2F21100455B93 /* Player.h */,
				AFB45E9514F2F21100455B93 /* Player.cpp */,
				AFB45F0714F3030400455B93 /* Game.h */,
				AFB45F0814F3030400455B93 /* Game.cpp */,
				AFAEA8D214F848FB00C61FCE /* Item.h */,
				AFAEA8D314F848FB00C61FCE /* Item.cpp */,
				AFAEA93314F871BC00C61FCE /* GameEntity.h */,
				AFAEA93414F871BC00C61FCE /* GameEntity.cpp */,
				AFAEA94214F873F300C61FCE /* Battle.h */,
				AFAEA94314F873F300C61FCE /* Battle.cpp */,
				AFAEA9BF14F8809400C61FCE /* Container.h */,
				AFAEA9C014F8809400C61FCE /* Container.cpp */,
			);
			name = Source;
			sourceTree = "<group>";
		};
		1AB674ADFE9D54B511CA2CBB /* Products */ = {
			isa = PBXGroup;
			children = (
				8DD76F6C0486A84900D96B5E /* cplusplus */,
			);
			name = Products;
			sourceTree = "<group>";
		};
		C6859E8C029090F304C91782 /* Documentation */ = {
			isa = PBXGroup;
			children = (
				C6859E8B029090EE04C91782 /* cplusplus.1 */,
			);
			name = Documentation;
			sourceTree = "<group>";
		};
/* End PBXGroup section */

/* Begin PBXNativeTarget section */
		8DD76F620486A84900D96B5E /* cplusplus */ = {
			isa = PBXNativeTarget;
			buildConfigurationList = 1DEB923108733DC60010E9CD /* Build configuration list for PBXNativeTarget "cplusplus" */;
			buildPhases = (
				8DD76F640486A84900D96B5E /* Sources */,
				8DD76F660486A84900D96B5E /* Frameworks */,
				8DD76F690486A84900D96B5E /* CopyFiles */,
			);
			buildRules = (
			);
			dependencies = (
			);
			name = cplusplus;
			productInstallPath = "$(HOME)/bin";
			productName = cplusplus;
			productReference = 8DD76F6C0486A84900D96B5E /* cplusplus */;
			productType = "com.apple.product-type.tool";
		};
/* End PBXNativeTarget section */

/* Begin PBXProject section */
		08FB7793FE84155DC02AAC07 /* Project object */ = {
			isa = PBXProject;
			buildConfigurationList = 1DEB923508733DC60010E9CD /* Build configuration list for PBXProject "TextRpg" */;
			compatibilityVersion = "Xcode 3.1";
			developmentRegion = English;
			hasScannedForEncodings = 1;
			knownRegions = (
				English,
				Japanese,
				French,
				German,
			);
			mainGroup = 08FB7794FE84155DC02AAC07 /* cplusplus */;
			projectDirPath = "";
			projectRoot = "";
			targets = (
				8DD76F620486A84900D96B5E /* cplusplus */,
			);
		};
/* End PBXProject section */

/* Begin PBXSourcesBuildPhase section */
		8DD76F640486A84900D96B5E /* Sources */ = {
			isa = PBXSourcesBuildPhase;
			buildActionMask = 2147483647;
			files = (
				8DD76F650486A84900D96B5E /* main.cpp in Sources */,
				AFB45E9014F2F16500455B93 /* Weapon.cpp in Sources */,
				AFB45E9314F2F1B600455B93 /* Armor.cpp in Sources */,
				AFB45E9614F2F21100455B93 /* Player.cpp in Sources */,
				AFB45F0914F3030400455B93 /* Game.cpp in Sources */,
				AFAEA8D414F848FB00C61FCE /* Item.cpp in Sources */,
				AFAEA93514F871BC00C61FCE /* GameEntity.cpp in Sources */,
				AFAEA94414F873F300C61FCE /* Battle.cpp in Sources */,
				AFAEA9C114F8809400C61FCE /* Container.cpp in Sources */,
			);
			runOnlyForDeploymentPostprocessing = 0;
		};
/* End PBXSourcesBuildPhase section */

/* Begin XCBuildConfiguration section */
		1DEB923208733DC60010E9CD /* Debug */ = {
			isa = XCBuildConfiguration;
			buildSettings = {
				ALWAYS_SEARCH_USER_PATHS = NO;
				COPY_PHASE_STRIP = NO;
				GCC_DYNAMIC_NO_PIC = NO;
				GCC_ENABLE_FIX_AND_CONTINUE = YES;
				GCC_MODEL_TUNING = G5;
				GCC_OPTIMIZATION_LEVEL = 0;
				INSTALL_PATH = /usr/local/bin;
				PRODUCT_NAME = cplusplus;
			};
			name = Debug;
		};
		1DEB923308733DC60010E9CD /* Release */ = {
			isa = XCBuildConfiguration;
			buildSettings = {
				ALWAYS_SEARCH_USER_PATHS = NO;
				DEBUG_INFORMATION_FORMAT = "dwarf-with-dsym";
				GCC_MODEL_TUNING = G5;
				INSTALL_PATH = /usr/local/bin;
				PRODUCT_NAME = cplusplus;
			};
			name = Release;
		};
		1DEB923608733DC60010E9CD /* Debug */ = {
			isa = XCBuildConfiguration;
			buildSettings = {
				ARCHS = "$(ARCHS_STANDARD_32_64_BIT)";
				GCC_C_LANGUAGE_STANDARD = gnu99;
				GCC_OPTIMIZATION_LEVEL = 0;
				GCC_WARN_ABOUT_RETURN_TYPE = YES;
				GCC_WARN_UNUSED_VARIABLE = YES;
				ONLY_ACTIVE_ARCH = YES;
				PREBINDING = NO;
				SDKROOT = macosx10.6;
			};
			name = Debug;
		};
		1DEB923708733DC60010E9CD /* Release */ = {
			isa = XCBuildConfiguration;
			buildSettings = {
				ARCHS = "$(ARCHS_STANDARD_32_64_BIT)";
				GCC_C_LANGUAGE_STANDARD = gnu99;
				GCC_WARN_ABOUT_RETURN_TYPE = YES;
				GCC_WARN_UNUSED_VARIABLE = YES;
				PREBINDING = NO;
				SDKROOT = macosx10.6;
			};
			name = Release;
		};
/* End XCBuildConfiguration section */

/* Begin XCConfigurationList section */
		1DEB923108733DC60010E9CD /* Build configuration list for PBXNativeTarget "cplusplus" */ = {
			isa = XCConfigurationList;
			buildConfigurations = (
				1DEB923208733DC60010E9CD /* Debug */,
				1DEB923308733DC60010E9CD /* Release */,
			);
			defaultConfigurationIsVisible = 0;
			defaultConfigurationName = Release;
		};
		1DEB923508733DC60010E9CD /* Build configuration list for PBXProject "TextRpg" */ = {
			isa = XCConfigurationList;
			buildConfigurations = (
				1DEB923608733DC60010E9CD /* Debug */,
				1DEB923708733DC60010E9CD /* Release */,
			);
			defaultConfigurationIsVisible = 0;
			defaultConfigurationName = Release;
		};
/* End XCConfigurationList section */
	};
	rootObject = 08FB7793FE84155DC02AAC07 /* Project object */;
}
